Microsoft Visual Studio Solution File, Format Version 12.00
# Visual Studio Version 16
VisualStudioVersion = 16.0.30503.244
MinimumVisualStudioVersion = 10.0.40219.1
Project("{9A19103F-16F7-4668-BE54-9A1E7A4F7556}") = "CoraComposer", "CoraComposer\CoraComposer.csproj", "{FD8FEF1B-22E4-4632-A518-024D4C27B282}"
EndProject
Project("{9A19103F-16F7-4668-BE54-9A1E7A4F7556}") = "Shared", "Shared\Shared.csproj", "{D8F765F1-7A2F-4033-9986-1AB0E80E8E02}"
EndProject
Global
	GlobalSection(SolutionConfigurationPlatforms) = preSolution
		Debug|Any CPU = Debug|Any CPU
		Release|Any CPU = Release|Any CPU
	EndGlobalSection
	GlobalSection(ProjectConfigurationPlatforms) = postSolution
		{FD8FEF1B-22E4-4632-A518-024D4C27B282}.Debug|Any CPU.ActiveCfg = Debug|Any CPU
		{FD8FEF1B-22E4-4632-A518-024D4C27B282}.Debug|Any CPU.Build.0 = Debug|Any CPU
		{FD8FEF1B-22E4-4632-A518-024D4C27B282}.Release|Any CPU.ActiveCfg = Release|Any CPU
		{FD8FEF1B-22E4-4632-A518-024D4C27B282}.Release|Any CPU.Build.0 = Release|Any CPU
		{D8F765F1-7A2F-4033-9986-1AB0E80E8E02}.Debug|Any CPU.ActiveCfg = Debug|Any CPU
		{D8F765F1-7A2F-4033-9986-1AB0E80E8E02}.Debug|Any CPU.Build.0 = Debug|Any CPU
		{D8F765F1-7A2F-4033-9986-1AB0E80E8E02}.Release|Any CPU.ActiveCfg = Release|Any CPU
		{D8F765F1-7A2F-4033-9986-1AB0E80E8E02}.Release|Any CPU.Build.0 = Release|Any CPU
	EndGlobalSection
	GlobalSection(SolutionProperties) = preSolution
		HideSolutionNode = FALSE
	EndGlobalSection
	GlobalSection(ExtensibilityGlobals) = postSolution
		SolutionGuid = {D8538304-805B-4A2D-BE64-B1D33595E26B}
	EndGlobalSection
EndGlobal
